
Microsoft Visual Studio Solution File, Format Version 12.00
# Visual Studio 14
VisualStudioVersion = 14.0.25420.1
MinimumVisualStudioVersion = 10.0.40219.1
Project("{FAE04EC0-301F-11D3-BF4B-00C04F79EFBC}") = "ScriptingDemos", "ScriptingDemos\ScriptingDemos.csproj", "{E8BB77F9-6581-4CAA-96A4-B1B9328EECEF}"
EndProject
Global
	GlobalSection(SolutionConfigurationPlatforms) = preSolution
		Debug|Any CPU = Debug|Any CPU
		Release|Any CPU = Release|Any CPU
	EndGlobalSection
	GlobalSection(ProjectConfigurationPlatforms) = postSolution
		{E8BB77F9-6581-4CAA-96A4-B1B9328EECEF}.Debug|Any CPU.ActiveCfg = Debug|Any CPU
		{E8BB77F9-6581-4CAA-96A4-B1B9328EECEF}.Debug|Any CPU.Build.0 = Debug|Any CPU
		{E8BB77F9-6581-4CAA-96A4-B1B9328EECEF}.Release|Any CPU.ActiveCfg = Release|Any CPU
		{E8BB77F9-6581-4CAA-96A4-B1B9328EECEF}.Release|Any CPU.Build.0 = Release|Any CPU
	EndGlobalSection
	GlobalSection(SolutionProperties) = preSolution
		HideSolutionNode = FALSE
	EndGlobalSection
EndGlobal
